<Solution>
  <Configurations>
    <Platform Name="x64" />
    <Platform Name="x86" />
  </Configurations>
  <Project Path="src\pakbypass\pakbypass.vcxproj" Id="51331ca8-984e-48f8-931a-901d2f1ab72d" />
  <Project Path="src\export_localization_db\export_localization_db.vcxproj" Id="93e5ad0c-8ff3-48e3-9c78-1545b2482566" />
</Solution>
